
Microsoft Visual Studio Solution File, Format Version 12.00
# Visual Studio 14
VisualStudioVersion = 14.0.25420.1
MinimumVisualStudioVersion = 10.0.40219.1
Project("{8BC9CEB8-8B4A-11D0-8D11-00A0C91BC942}") = "PC_ImageEdit_Sciter", "PC_ImageEdit_Sciter\PC_ImageEdit_Sciter.vcxproj", "{49BDD044-042A-4B46-92C1-975A0ECD7612}"
EndProject
Project("{8BC9CEB8-8B4A-11D0-8D11-00A0C91BC942}") = "CopyFileToClipboard", "CopyFileToClipboard\CopyFileToClipboard.vcxproj", "{E6E4B80B-6C87-4DDA-9D26-4A9C479E75C9}"
EndProject
Project("{54435603-DBB4-11D2-8724-00A0C9A8B90C}") = "Setup", "Setup\Setup.vdproj", "{85DA61D4-3F67-4204-A36F-233023AAE0FE}"
EndProject
Global
	GlobalSection(SolutionConfigurationPlatforms) = preSolution
		Debug|x64 = Debug|x64
		Debug|x86 = Debug|x86
		Release|x64 = Release|x64
		Release|x86 = Release|x86
	EndGlobalSection
	GlobalSection(ProjectConfigurationPlatforms) = postSolution
		{49BDD044-042A-4B46-92C1-975A0ECD7612}.Debug|x64.ActiveCfg = Debug|x64
		{49BDD044-042A-4B46-92C1-975A0ECD7612}.Debug|x64.Build.0 = Debug|x64
		{49BDD044-042A-4B46-92C1-975A0ECD7612}.Debug|x86.ActiveCfg = Debug|Win32
		{49BDD044-042A-4B46-92C1-975A0ECD7612}.Debug|x86.Build.0 = Debug|Win32
		{49BDD044-042A-4B46-92C1-975A0ECD7612}.Release|x64.ActiveCfg = Release|x64
		{49BDD044-042A-4B46-92C1-975A0ECD7612}.Release|x64.Build.0 = Release|x64
		{49BDD044-042A-4B46-92C1-975A0ECD7612}.Release|x86.ActiveCfg = Release|Win32
		{49BDD044-042A-4B46-92C1-975A0ECD7612}.Release|x86.Build.0 = Release|Win32
		{E6E4B80B-6C87-4DDA-9D26-4A9C479E75C9}.Debug|x64.ActiveCfg = Debug|x64
		{E6E4B80B-6C87-4DDA-9D26-4A9C479E75C9}.Debug|x64.Build.0 = Debug|x64
		{E6E4B80B-6C87-4DDA-9D26-4A9C479E75C9}.Debug|x86.ActiveCfg = Debug|Win32
		{E6E4B80B-6C87-4DDA-9D26-4A9C479E75C9}.Debug|x86.Build.0 = Debug|Win32
		{E6E4B80B-6C87-4DDA-9D26-4A9C479E75C9}.Release|x64.ActiveCfg = Release|x64
		{E6E4B80B-6C87-4DDA-9D26-4A9C479E75C9}.Release|x64.Build.0 = Release|x64
		{E6E4B80B-6C87-4DDA-9D26-4A9C479E75C9}.Release|x86.ActiveCfg = Release|Win32
		{E6E4B80B-6C87-4DDA-9D26-4A9C479E75C9}.Release|x86.Build.0 = Release|Win32
		{85DA61D4-3F67-4204-A36F-233023AAE0FE}.Debug|x64.ActiveCfg = Debug
		{85DA61D4-3F67-4204-A36F-233023AAE0FE}.Debug|x86.ActiveCfg = Debug
		{85DA61D4-3F67-4204-A36F-233023AAE0FE}.Release|x64.ActiveCfg = Release
		{85DA61D4-3F67-4204-A36F-233023AAE0FE}.Release|x86.ActiveCfg = Release
	EndGlobalSection
	GlobalSection(SolutionProperties) = preSolution
		HideSolutionNode = FALSE
	EndGlobalSection
EndGlobal
